{
  "requires": true,
  "lockfileVersion": 1,
  "dependencies": {
    "@fortawesome/fontawesome-common-types": {
      "version": "0.2.28",
      "resolved": "https://registry.npmjs.org/@fortawesome/fontawesome-common-types/-/fontawesome-common-types-0.2.28.tgz",
      "integrity": "sha512-gtis2/5yLdfI6n0ia0jH7NJs5i/Z/8M/ZbQL6jXQhCthEOe5Cr5NcQPhgTvFxNOtURE03/ZqUcEskdn2M+QaBg=="
    },
    "@fortawesome/fontawesome-svg-core": {
      "version": "1.2.28",
      "resolved": "https://registry.npmjs.org/@fortawesome/fontawesome-svg-core/-/fontawesome-svg-core-1.2.28.tgz",
      "integrity": "sha512-4LeaNHWvrneoU0i8b5RTOJHKx7E+y7jYejplR7uSVB34+mp3Veg7cbKk7NBCLiI4TyoWS1wh9ZdoyLJR8wSAdg==",
      "requires": {
        "@fortawesome/fontawesome-common-types": "^0.2.28"
      }
    },
    "@fortawesome/free-solid-svg-icons": {
      "version": "5.13.0",
      "resolved": "https://registry.npmjs.org/@fortawesome/free-solid-svg-icons/-/free-solid-svg-icons-5.13.0.tgz",
      "integrity": "sha512-IHUgDJdomv6YtG4p3zl1B5wWf9ffinHIvebqQOmV3U+3SLw4fC+LUCCgwfETkbTtjy5/Qws2VoVf6z/ETQpFpg==",
      "requires": {
        "@fortawesome/fontawesome-common-types": "^0.2.28"
      }
    },
    "@fortawesome/react-fontawesome": {
      "version": "0.1.9",
      "resolved": "https://registry.npmjs.org/@fortawesome/react-fontawesome/-/react-fontawesome-0.1.9.tgz",
      "integrity": "sha512-49V3WNysLZU5fZ3sqSuys4nGRytsrxJktbv3vuaXkEoxv22C6T7TEG0TW6+nqVjMnkfCQd5xOnmJoZHMF78tOw==",
      "requires": {
        "prop-types": "^15.7.2"
      }
    },
    "@types/jwt-decode": {
      "version": "2.2.1",
      "resolved": "https://registry.npmjs.org/@types/jwt-decode/-/jwt-decode-2.2.1.tgz",
      "integrity": "sha512-aWw2YTtAdT7CskFyxEX2K21/zSDStuf/ikI3yBqmwpwJF0pS+/IX5DWv+1UFffZIbruP6cnT9/LAJV1gFwAT1A=="
    },
    "bootstrap": {
      "version": "4.4.1",
      "resolved": "https://registry.npmjs.org/bootstrap/-/bootstrap-4.4.1.tgz",
      "integrity": "sha512-tbx5cHubwE6e2ZG7nqM3g/FZ5PQEDMWmMGNrCUBVRPHXTJaH7CBDdsLeu3eCh3B1tzAxTnAbtmrzvWEvT2NNEA=="
    },
    "font-awesome": {
      "version": "4.7.0",
      "resolved": "https://registry.npmjs.org/font-awesome/-/font-awesome-4.7.0.tgz",
      "integrity": "sha1-j6jPBBGhoxr9B7BtKQK7n8gVoTM="
    },
    "js-tokens": {
      "version": "4.0.0",
      "resolved": "https://registry.npmjs.org/js-tokens/-/js-tokens-4.0.0.tgz",
      "integrity": "sha512-RdJUflcE3cUzKiMqQgsCu06FPu9UdIJO0beYbPhHN4k6apgJtifcoCtT9bcxOpYBtpD2kCM6Sbzg4CausW/PKQ=="
    },
    "jwt-decode": {
      "version": "2.2.0",
      "resolved": "https://registry.npmjs.org/jwt-decode/-/jwt-decode-2.2.0.tgz",
      "integrity": "sha1-fYa9VmefWM5qhHBKZX3TkruoGnk="
    },
    "loose-envify": {
      "version": "1.4.0",
      "resolved": "https://registry.npmjs.org/loose-envify/-/loose-envify-1.4.0.tgz",
      "integrity": "sha512-lyuxPGr/Wfhrlem2CL/UcnUc1zcqKAImBDzukY7Y5F/yQiNdko6+fRLevlw1HgMySw7f611UIY408EtxRSoK3Q==",
      "requires": {
        "js-tokens": "^3.0.0 || ^4.0.0"
      }
    },
    "object-assign": {
      "version": "4.1.1",
      "resolved": "https://registry.npmjs.org/object-assign/-/object-assign-4.1.1.tgz",
      "integrity": "sha1-IQmtx5ZYh8/AXLvUQsrIv7s2CGM="
    },
    "prop-types": {
      "version": "15.7.2",
      "resolved": "https://registry.npmjs.org/prop-types/-/prop-types-15.7.2.tgz",
      "integrity": "sha512-8QQikdH7//R2vurIJSutZ1smHYTcLpRWEOlHnzcWHmBYrOGUysKwSsrC89BCiFj3CbrfJ/nXFdJepOVrY1GCHQ==",
      "requires": {
        "loose-envify": "^1.4.0",
        "object-assign": "^4.1.1",
        "react-is": "^16.8.1"
      }
    },
    "react-is": {
      "version": "16.13.1",
      "resolved": "https://registry.npmjs.org/react-is/-/react-is-16.13.1.tgz",
      "integrity": "sha512-24e6ynE2H+OKt4kqsOvNd8kBpV65zoxbA4BVsEOB3ARVWQki/DHzaUoC5KuON/BiccDaCCTZBuOcfZs70kR8bQ=="
    }
  }
}
