{
  "requires": true,
  "lockfileVersion": 1,
  "dependencies": {
    "react-notification-alert": {
      "version": "0.0.12",
      "resolved": "https://registry.npmjs.org/react-notification-alert/-/react-notification-alert-0.0.12.tgz",
      "integrity": "sha512-6GBpWe45zWEflV8c98l82HRl67iku2ARJ2FTbJh5kWiU/NyNb71l7CPKifkmDAdipDj0mouTxw8/3sRSVOMdvQ=="
    }
  }
}
